
Microsoft Visual Studio Solution File, Format Version 12.00
# Visual Studio Version 16
VisualStudioVersion = 16.0.29613.14
MinimumVisualStudioVersion = 10.0.40219.1
Project("{8BC9CEB8-8B4A-11D0-8D11-00A0C91BC942}") = "CDDS_IPC_EntityDisplay", "CDDS_IPC_EntityDisplay\CDDS_IPC_EntityDisplay.vcxproj", "{591693EC-75B0-46C6-AEBA-BCA20D6ECF66}"
EndProject
Project("{8BC9CEB8-8B4A-11D0-8D11-00A0C91BC942}") = "CDDS_IPC_EntityEditor", "CDDS_IPC_EntityEditor\CDDS_IPC_EntityEditor.vcxproj", "{A443DE1A-0CB4-4D25-901E-B4078F366528}"
EndProject
Project("{8BC9CEB8-8B4A-11D0-8D11-00A0C91BC942}") = "RayGUI_Widgets", "RayGUI_Widgets\RayGUI_Widgets.vcxproj", "{5410FC57-321E-43D5-837C-7A47033041B8}"
EndProject
Global
	GlobalSection(SolutionConfigurationPlatforms) = preSolution
		Debug.DLL|x64 = Debug.DLL|x64
		Debug.DLL|x86 = Debug.DLL|x86
		Debug|x64 = Debug|x64
		Debug|x86 = Debug|x86
		Release.DLL|x64 = Release.DLL|x64
		Release.DLL|x86 = Release.DLL|x86
		Release|x64 = Release|x64
		Release|x86 = Release|x86
	EndGlobalSection
	GlobalSection(ProjectConfigurationPlatforms) = postSolution
		{591693EC-75B0-46C6-AEBA-BCA20D6ECF66}.Debug.DLL|x64.ActiveCfg = Debug|x64
		{591693EC-75B0-46C6-AEBA-BCA20D6ECF66}.Debug.DLL|x64.Build.0 = Debug|x64
		{591693EC-75B0-46C6-AEBA-BCA20D6ECF66}.Debug.DLL|x86.ActiveCfg = Debug|Win32
		{591693EC-75B0-46C6-AEBA-BCA20D6ECF66}.Debug.DLL|x86.Build.0 = Debug|Win32
		{591693EC-75B0-46C6-AEBA-BCA20D6ECF66}.Debug|x64.ActiveCfg = Debug|x64
		{591693EC-75B0-46C6-AEBA-BCA20D6ECF66}.Debug|x64.Build.0 = Debug|x64
		{591693EC-75B0-46C6-AEBA-BCA20D6ECF66}.Debug|x86.ActiveCfg = Debug|Win32
		{591693EC-75B0-46C6-AEBA-BCA20D6ECF66}.Debug|x86.Build.0 = Debug|Win32
		{591693EC-75B0-46C6-AEBA-BCA20D6ECF66}.Release.DLL|x64.ActiveCfg = Release|x64
		{591693EC-75B0-46C6-AEBA-BCA20D6ECF66}.Release.DLL|x64.Build.0 = Release|x64
		{591693EC-75B0-46C6-AEBA-BCA20D6ECF66}.Release.DLL|x86.ActiveCfg = Release|Win32
		{591693EC-75B0-46C6-AEBA-BCA20D6ECF66}.Release.DLL|x86.Build.0 = Release|Win32
		{591693EC-75B0-46C6-AEBA-BCA20D6ECF66}.Release|x64.ActiveCfg = Release|x64
		{591693EC-75B0-46C6-AEBA-BCA20D6ECF66}.Release|x64.Build.0 = Release|x64
		{591693EC-75B0-46C6-AEBA-BCA20D6ECF66}.Release|x86.ActiveCfg = Release|Win32
		{591693EC-75B0-46C6-AEBA-BCA20D6ECF66}.Release|x86.Build.0 = Release|Win32
		{A443DE1A-0CB4-4D25-901E-B4078F366528}.Debug.DLL|x64.ActiveCfg = Debug|x64
		{A443DE1A-0CB4-4D25-901E-B4078F366528}.Debug.DLL|x64.Build.0 = Debug|x64
		{A443DE1A-0CB4-4D25-901E-B4078F366528}.Debug.DLL|x86.ActiveCfg = Debug|Win32
		{A443DE1A-0CB4-4D25-901E-B4078F366528}.Debug.DLL|x86.Build.0 = Debug|Win32
		{A443DE1A-0CB4-4D25-901E-B4078F366528}.Debug|x64.ActiveCfg = Debug|x64
		{A443DE1A-0CB4-4D25-901E-B4078F366528}.Debug|x64.Build.0 = Debug|x64
		{A443DE1A-0CB4-4D25-901E-B4078F366528}.Debug|x86.ActiveCfg = Debug|Win32
		{A443DE1A-0CB4-4D25-901E-B4078F366528}.Debug|x86.Build.0 = Debug|Win32
		{A443DE1A-0CB4-4D25-901E-B4078F366528}.Release.DLL|x64.ActiveCfg = Release|x64
		{A443DE1A-0CB4-4D25-901E-B4078F366528}.Release.DLL|x64.Build.0 = Release|x64
		{A443DE1A-0CB4-4D25-901E-B4078F366528}.Release.DLL|x86.ActiveCfg = Release|Win32
		{A443DE1A-0CB4-4D25-901E-B4078F366528}.Release.DLL|x86.Build.0 = Release|Win32
		{A443DE1A-0CB4-4D25-901E-B4078F366528}.Release|x64.ActiveCfg = Release|x64
		{A443DE1A-0CB4-4D25-901E-B4078F366528}.Release|x64.Build.0 = Release|x64
		{A443DE1A-0CB4-4D25-901E-B4078F366528}.Release|x86.ActiveCfg = Release|Win32
		{A443DE1A-0CB4-4D25-901E-B4078F366528}.Release|x86.Build.0 = Release|Win32
		{5410FC57-321E-43D5-837C-7A47033041B8}.Debug.DLL|x64.ActiveCfg = Debug|x64
		{5410FC57-321E-43D5-837C-7A47033041B8}.Debug.DLL|x64.Build.0 = Debug|x64
		{5410FC57-321E-43D5-837C-7A47033041B8}.Debug.DLL|x86.ActiveCfg = Debug|Win32
		{5410FC57-321E-43D5-837C-7A47033041B8}.Debug.DLL|x86.Build.0 = Debug|Win32
		{5410FC57-321E-43D5-837C-7A47033041B8}.Debug|x64.ActiveCfg = Debug|x64
		{5410FC57-321E-43D5-837C-7A47033041B8}.Debug|x64.Build.0 = Debug|x64
		{5410FC57-321E-43D5-837C-7A47033041B8}.Debug|x86.ActiveCfg = Debug|Win32
		{5410FC57-321E-43D5-837C-7A47033041B8}.Debug|x86.Build.0 = Debug|Win32
		{5410FC57-321E-43D5-837C-7A47033041B8}.Release.DLL|x64.ActiveCfg = Release|x64
		{5410FC57-321E-43D5-837C-7A47033041B8}.Release.DLL|x64.Build.0 = Release|x64
		{5410FC57-321E-43D5-837C-7A47033041B8}.Release.DLL|x86.ActiveCfg = Release|Win32
		{5410FC57-321E-43D5-837C-7A47033041B8}.Release.DLL|x86.Build.0 = Release|Win32
		{5410FC57-321E-43D5-837C-7A47033041B8}.Release|x64.ActiveCfg = Release|x64
		{5410FC57-321E-43D5-837C-7A47033041B8}.Release|x64.Build.0 = Release|x64
		{5410FC57-321E-43D5-837C-7A47033041B8}.Release|x86.ActiveCfg = Release|Win32
		{5410FC57-321E-43D5-837C-7A47033041B8}.Release|x86.Build.0 = Release|Win32
	EndGlobalSection
	GlobalSection(SolutionProperties) = preSolution
		HideSolutionNode = FALSE
	EndGlobalSection
	GlobalSection(ExtensibilityGlobals) = postSolution
		SolutionGuid = {A3F6E5C3-9A89-4746-A7D6-591D563D956E}
	EndGlobalSection
EndGlobal
